
Microsoft Visual Studio Solution File, Format Version 12.00
# Visual Studio Version 16
VisualStudioVersion = 16.0.30114.105
MinimumVisualStudioVersion = 10.0.40219.1
Project("{FAE04EC0-301F-11D3-BF4B-00C04F79EFBC}") = "Zhang.APi", "Zhang.APi\Zhang.APi.csproj", "{EE7AF145-3FF0-4F2C-BA82-EBBC721980E4}"
EndProject
Project("{FAE04EC0-301F-11D3-BF4B-00C04F79EFBC}") = "Zhang.Application", "Zhang.Application\Zhang.Application.csproj", "{17993EBF-90BC-44AB-8065-686616E3C54E}"
EndProject
Project("{FAE04EC0-301F-11D3-BF4B-00C04F79EFBC}") = "Zhang.Domain", "Zhang.Domain\Zhang.Domain.csproj", "{E7F9EB5D-85B4-4D9B-A696-A2FD365503A2}"
EndProject
Project("{FAE04EC0-301F-11D3-BF4B-00C04F79EFBC}") = "Zhang.Infrastracture", "Zhang.Infrastracture\Zhang.Infrastracture.csproj", "{5B61BEC1-26A2-4AC3-BD30-B3B727C5CA81}"
EndProject
Global
	GlobalSection(SolutionConfigurationPlatforms) = preSolution
		Debug|Any CPU = Debug|Any CPU
		Release|Any CPU = Release|Any CPU
	EndGlobalSection
	GlobalSection(SolutionProperties) = preSolution
		HideSolutionNode = FALSE
	EndGlobalSection
	GlobalSection(ProjectConfigurationPlatforms) = postSolution
		{EE7AF145-3FF0-4F2C-BA82-EBBC721980E4}.Debug|Any CPU.ActiveCfg = Debug|Any CPU
		{EE7AF145-3FF0-4F2C-BA82-EBBC721980E4}.Debug|Any CPU.Build.0 = Debug|Any CPU
		{EE7AF145-3FF0-4F2C-BA82-EBBC721980E4}.Release|Any CPU.ActiveCfg = Release|Any CPU
		{EE7AF145-3FF0-4F2C-BA82-EBBC721980E4}.Release|Any CPU.Build.0 = Release|Any CPU
		{17993EBF-90BC-44AB-8065-686616E3C54E}.Debug|Any CPU.ActiveCfg = Debug|Any CPU
		{17993EBF-90BC-44AB-8065-686616E3C54E}.Debug|Any CPU.Build.0 = Debug|Any CPU
		{17993EBF-90BC-44AB-8065-686616E3C54E}.Release|Any CPU.ActiveCfg = Release|Any CPU
		{17993EBF-90BC-44AB-8065-686616E3C54E}.Release|Any CPU.Build.0 = Release|Any CPU
		{E7F9EB5D-85B4-4D9B-A696-A2FD365503A2}.Debug|Any CPU.ActiveCfg = Debug|Any CPU
		{E7F9EB5D-85B4-4D9B-A696-A2FD365503A2}.Debug|Any CPU.Build.0 = Debug|Any CPU
		{E7F9EB5D-85B4-4D9B-A696-A2FD365503A2}.Release|Any CPU.ActiveCfg = Release|Any CPU
		{E7F9EB5D-85B4-4D9B-A696-A2FD365503A2}.Release|Any CPU.Build.0 = Release|Any CPU
		{5B61BEC1-26A2-4AC3-BD30-B3B727C5CA81}.Debug|Any CPU.ActiveCfg = Debug|Any CPU
		{5B61BEC1-26A2-4AC3-BD30-B3B727C5CA81}.Debug|Any CPU.Build.0 = Debug|Any CPU
		{5B61BEC1-26A2-4AC3-BD30-B3B727C5CA81}.Release|Any CPU.ActiveCfg = Release|Any CPU
		{5B61BEC1-26A2-4AC3-BD30-B3B727C5CA81}.Release|Any CPU.Build.0 = Release|Any CPU
	EndGlobalSection
EndGlobal
